
Microsoft Visual Studio Solution File, Format Version 12.00
# Visual Studio Version 17
VisualStudioVersion = 17.0.31903.59
MinimumVisualStudioVersion = 10.0.40219.1
Project("{FAE04EC0-301F-11D3-BF4B-00C04F79EFBC}") = "VinDecoder.Api", "VinDecoder.Api\VinDecoder.Api.csproj", "{2824A1E2-B4A8-4A37-9147-9E1F5E19AD82}"
EndProject
Project("{FAE04EC0-301F-11D3-BF4B-00C04F79EFBC}") = "VinDecoder.Tests", "VinDecoder.Tests\VinDecoder.Tests.csproj", "{1C99B14A-9E6F-40FD-9075-53AC05CE654B}"
EndProject
Global
	GlobalSection(SolutionConfigurationPlatforms) = preSolution
		Debug|Any CPU = Debug|Any CPU
		Release|Any CPU = Release|Any CPU
	EndGlobalSection
	GlobalSection(SolutionProperties) = preSolution
		HideSolutionNode = FALSE
	EndGlobalSection
	GlobalSection(ProjectConfigurationPlatforms) = postSolution
		{2824A1E2-B4A8-4A37-9147-9E1F5E19AD82}.Debug|Any CPU.ActiveCfg = Debug|Any CPU
		{2824A1E2-B4A8-4A37-9147-9E1F5E19AD82}.Debug|Any CPU.Build.0 = Debug|Any CPU
		{2824A1E2-B4A8-4A37-9147-9E1F5E19AD82}.Release|Any CPU.ActiveCfg = Release|Any CPU
		{2824A1E2-B4A8-4A37-9147-9E1F5E19AD82}.Release|Any CPU.Build.0 = Release|Any CPU
		{1C99B14A-9E6F-40FD-9075-53AC05CE654B}.Debug|Any CPU.ActiveCfg = Debug|Any CPU
		{1C99B14A-9E6F-40FD-9075-53AC05CE654B}.Debug|Any CPU.Build.0 = Debug|Any CPU
		{1C99B14A-9E6F-40FD-9075-53AC05CE654B}.Release|Any CPU.ActiveCfg = Release|Any CPU
		{1C99B14A-9E6F-40FD-9075-53AC05CE654B}.Release|Any CPU.Build.0 = Release|Any CPU
	EndGlobalSection
EndGlobal
